
Microsoft Visual Studio Solution File, Format Version 12.00
# Visual Studio Version 17
VisualStudioVersion = 17.4.33205.214
MinimumVisualStudioVersion = 10.0.40219.1
Project("{FAE04EC0-301F-11D3-BF4B-00C04F79EFBC}") = "JenkinsApp", "JenkinsApp\JenkinsApp.csproj", "{2692B5BD-47BA-42B4-91F0-E0A2E3AE54FA}"
EndProject
Global
	GlobalSection(SolutionConfigurationPlatforms) = preSolution
		Debug|Any CPU = Debug|Any CPU
		Release|Any CPU = Release|Any CPU
	EndGlobalSection
	GlobalSection(ProjectConfigurationPlatforms) = postSolution
		{2692B5BD-47BA-42B4-91F0-E0A2E3AE54FA}.Debug|Any CPU.ActiveCfg = Debug|Any CPU
		{2692B5BD-47BA-42B4-91F0-E0A2E3AE54FA}.Debug|Any CPU.Build.0 = Debug|Any CPU
		{2692B5BD-47BA-42B4-91F0-E0A2E3AE54FA}.Release|Any CPU.ActiveCfg = Release|Any CPU
		{2692B5BD-47BA-42B4-91F0-E0A2E3AE54FA}.Release|Any CPU.Build.0 = Release|Any CPU
	EndGlobalSection
	GlobalSection(SolutionProperties) = preSolution
		HideSolutionNode = FALSE
	EndGlobalSection
	GlobalSection(ExtensibilityGlobals) = postSolution
		SolutionGuid = {7FCF363F-A43C-4F67-A078-79FB3DB47B5F}
	EndGlobalSection
EndGlobal
